// !$*UTF8*$!
{
	archiveVersion = 1;
	classes = {
	};
	objectVersion = 50;
	objects = {

/* Begin PBXBuildFile section */
		09999902234F0BC7005B01B1 /* AppDelegate.swift in Sources */ = {isa = PBXBuildFile; fileRef = 09999901234F0BC7005B01B1 /* AppDelegate.swift */; };
		09999904234F0BC7005B01B1 /* SceneDelegate.swift in Sources */ = {isa = PBXBuildFile; fileRef = 09999903234F0BC7005B01B1 /* SceneDelegate.swift */; };
		09999906234F0BC7005B01B1 /* ContentView.swift in Sources */ = {isa = PBXBuildFile; fileRef = 09999905234F0BC7005B01B1 /* ContentView.swift */; };
		09999908234F0BC9005B01B1 /* Assets.xcassets in Resources */ = {isa = PBXBuildFile; fileRef = 09999907234F0BC9005B01B1 /* Assets.xcassets */; };
		0999990B234F0BC9005B01B1 /* Preview Assets.xcassets in Resources */ = {isa = PBXBuildFile; fileRef = 0999990A234F0BC9005B01B1 /* Preview Assets.xcassets */; };
		0999990E234F0BC9005B01B1 /* LaunchScreen.storyboard in Resources */ = {isa = PBXBuildFile; fileRef = 0999990C234F0BC9005B01B1 /* LaunchScreen.storyboard */; };
/* End PBXBuildFile section */

/* Begin PBXFileReference section */
		099998FE234F0BC7005B01B1 /* Catalyst.app */ = {isa = PBXFileReference; explicitFileType = wrapper.application; includeInIndex = 0; path = Catalyst.app; sourceTree = BUILT_PRODUCTS_DIR; };
		09999901234F0BC7005B01B1 /* AppDelegate.swift */ = {isa = PBXFileReference; lastKnownFileType = sourcecode.swift; path = AppDelegate.swift; sourceTree = "<group>"; };
		09999903234F0BC7005B01B1 /* SceneDelegate.swift */ = {isa = PBXFileReference; lastKnownFileType = sourcecode.swift; path = SceneDelegate.swift; sourceTree = "<group>"; };
		09999905234F0BC7005B01B1 /* ContentView.swift */ = {isa = PBXFileReference; lastKnownFileType = sourcecode.swift; path = ContentView.swift; sourceTree = "<group>"; };
		09999907234F0BC9005B01B1 /* Assets.xcassets */ = {isa = PBXFileReference; lastKnownFileType = folder.assetcatalog; path = Assets.xcassets; sourceTree = "<group>"; };
		0999990A234F0BC9005B01B1 /* Preview Assets.xcassets */ = {isa = PBXFileReference; lastKnownFileType = folder.assetcatalog; path = "Preview Assets.xcassets"; sourceTree = "<group>"; };
		0999990D234F0BC9005B01B1 /* Base */ = {isa = PBXFileReference; lastKnownFileType = file.storyboard; name = Base; path = Base.lproj/LaunchScreen.storyboard; sourceTree = "<group>"; };
		0999990F234F0BC9005B01B1 /* Info.plist */ = {isa = PBXFileReference; lastKnownFileType = text.plist.xml; path = Info.plist; sourceTree = "<group>"; };
		09999915234F0BD5005B01B1 /* Catalyst.entitlements */ = {isa = PBXFileReference; lastKnownFileType = text.plist.entitlements; path = Catalyst.entitlements; sourceTree = "<group>"; };
/* End PBXFileReference section */

/* Begin PBXFrameworksBuildPhase section */
		099998FB234F0BC7005B01B1 /* Frameworks */ = {
			isa = PBXFrameworksBuildPhase;
			buildActionMask = 2147483647;
			files = (
			);
			runOnlyForDeploymentPostprocessing = 0;
		};
/* End PBXFrameworksBuildPhase section */

/* Begin PBXGroup section */
		099998F5234F0BC7005B01B1 = {
			isa = PBXGroup;
			children = (
				09999900234F0BC7005B01B1 /* Catalyst */,
				099998FF234F0BC7005B01B1 /* Products */,
			);
			sourceTree = "<group>";
		};
		099998FF234F0BC7005B01B1 /* Products */ = {
			isa = PBXGroup;
			children = (
				099998FE234F0BC7005B01B1 /* Catalyst.app */,
			);
			name = Products;
			sourceTree = "<group>";
		};
		09999900234F0BC7005B01B1 /* Catalyst */ = {
			isa = PBXGroup;
			children = (
				09999915234F0BD5005B01B1 /* Catalyst.entitlements */,
				09999901234F0BC7005B01B1 /* AppDelegate.swift */,
				09999903234F0BC7005B01B1 /* SceneDelegate.swift */,
				09999905234F0BC7005B01B1 /* ContentView.swift */,
				09999907234F0BC9005B01B1 /* Assets.xcassets */,
				0999990C234F0BC9005B01B1 /* LaunchScreen.storyboard */,
				0999990F234F0BC9005B01B1 /* Info.plist */,
				09999909234F0BC9005B01B1 /* Preview Content */,
			);
			path = Catalyst;
			sourceTree = "<group>";
		};
		09999909234F0BC9005B01B1 /* Preview Content */ = {
			isa = PBXGroup;
			children = (
				0999990A234F0BC9005B01B1 /* Preview Assets.xcassets */,
			);
			path = "Preview Content";
			sourceTree = "<group>";
		};
/* End PBXGroup section */

/* Begin PBXNativeTarget section */
		099998FD234F0BC7005B01B1 /* Catalyst */ = {
			isa = PBXNativeTarget;
			buildConfigurationList = 09999912234F0BC9005B01B1 /* Build configuration list for PBXNativeTarget "Catalyst" */;
			buildPhases = (
				099998FA234F0BC7005B01B1 /* Sources */,
				099998FB234F0BC7005B01B1 /* Frameworks */,
				099998FC234F0BC7005B01B1 /* Resources */,
			);
			buildRules = (
			);
			dependencies = (
			);
			name = Catalyst;
			productName = Catalyst;
			productReference = 099998FE234F0BC7005B01B1 /* Catalyst.app */;
			productType = "com.apple.product-type.application";
		};
/* End PBXNativeTarget section */

/* Begin PBXProject section */
		099998F6234F0BC7005B01B1 /* Project object */ = {
			isa = PBXProject;
			attributes = {
				LastSwiftUpdateCheck = 1100;
				LastUpgradeCheck = 1100;
				ORGANIZATIONNAME = DTEK;
				TargetAttributes = {
					099998FD234F0BC7005B01B1 = {
						CreatedOnToolsVersion = 11.0;
					};
				};
			};
			buildConfigurationList = 099998F9234F0BC7005B01B1 /* Build configuration list for PBXProject "Catalyst" */;
			compatibilityVersion = "Xcode 9.3";
			developmentRegion = en;
			hasScannedForEncodings = 0;
			knownRegions = (
				en,
				Base,
			);
			mainGroup = 099998F5234F0BC7005B01B1;
			productRefGroup = 099998FF234F0BC7005B01B1 /* Products */;
			projectDirPath = "";
			projectRoot = "";
			targets = (
				099998FD234F0BC7005B01B1 /* Catalyst */,
			);
		};
/* End PBXProject section */

/* Begin PBXResourcesBuildPhase section */
		099998FC234F0BC7005B01B1 /* Resources */ = {
			isa = PBXResourcesBuildPhase;
			buildActionMask = 2147483647;
			files = (
				0999990E234F0BC9005B01B1 /* LaunchScreen.storyboard in Resources */,
				0999990B234F0BC9005B01B1 /* Preview Assets.xcassets in Resources */,
				09999908234F0BC9005B01B1 /* Assets.xcassets in Resources */,
			);
			runOnlyForDeploymentPostprocessing = 0;
		};
/* End PBXResourcesBuildPhase section */

/* Begin PBXSourcesBuildPhase section */
		099998FA234F0BC7005B01B1 /* Sources */ = {
			isa = PBXSourcesBuildPhase;
			buildActionMask = 2147483647;
			files = (
				09999902234F0BC7005B01B1 /* AppDelegate.swift in Sources */,
				09999904234F0BC7005B01B1 /* SceneDelegate.swift in Sources */,
				09999906234F0BC7005B01B1 /* ContentView.swift in Sources */,
			);
			runOnlyForDeploymentPostprocessing = 0;
		};
/* End PBXSourcesBuildPhase section */

/* Begin PBXVariantGroup section */
		0999990C234F0BC9005B01B1 /* LaunchScreen.storyboard */ = {
			isa = PBXVariantGroup;
			children = (
				0999990D234F0BC9005B01B1 /* Base */,
			);
			name = LaunchScreen.storyboard;
			sourceTree = "<group>";
		};
/* End PBXVariantGroup section */

/* Begin XCBuildConfiguration section */
		09999910234F0BC9005B01B1 /* Debug */ = {
			isa = XCBuildConfiguration;
			buildSettings = {
				ALWAYS_SEARCH_USER_PATHS = NO;
				CLANG_ANALYZER_NONNULL = YES;
				CLANG_ANALYZER_NUMBER_OBJECT_CONVERSION = YES_AGGRESSIVE;
				CLANG_CXX_LANGUAGE_STANDARD = "gnu++14";
				CLANG_CXX_LIBRARY = "libc++";
				CLANG_ENABLE_MODULES = YES;
				CLANG_ENABLE_OBJC_ARC = YES;
				CLANG_ENABLE_OBJC_WEAK = YES;
				CLANG_WARN_BLOCK_CAPTURE_AUTORELEASING = YES;
				CLANG_WARN_BOOL_CONVERSION = YES;
				CLANG_WARN_COMMA = YES;
				CLANG_WARN_CONSTANT_CONVERSION = YES;
				CLANG_WARN_DEPRECATED_OBJC_IMPLEMENTATIONS = YES;
				CLANG_WARN_DIRECT_OBJC_ISA_USAGE = YES_ERROR;
				CLANG_WARN_DOCUMENTATION_COMMENTS = YES;
				CLANG_WARN_EMPTY_BODY = YES;
				CLANG_WARN_ENUM_CONVERSION = YES;
				CLANG_WARN_INFINITE_RECURSION = YES;
				CLANG_WARN_INT_CONVERSION = YES;
				CLANG_WARN_NON_LITERAL_NULL_CONVERSION = YES;
				CLANG_WARN_OBJC_IMPLICIT_RETAIN_SELF = YES;
				CLANG_WARN_OBJC_LITERAL_CONVERSION = YES;
				CLANG_WARN_OBJC_ROOT_CLASS = YES_ERROR;
				CLANG_WARN_RANGE_LOOP_ANALYSIS = YES;
				CLANG_WARN_STRICT_PROTOTYPES = YES;
				CLANG_WARN_SUSPICIOUS_MOVE = YES;
				CLANG_WARN_UNGUARDED_AVAILABILITY = YES_AGGRESSIVE;
				CLANG_WARN_UNREACHABLE_CODE = YES;
				CLANG_WARN__DUPLICATE_METHOD_MATCH = YES;
				COPY_PHASE_STRIP = NO;
				DEBUG_INFORMATION_FORMAT = dwarf;
				ENABLE_STRICT_OBJC_MSGSEND = YES;
				ENABLE_TESTABILITY = YES;
				GCC_C_LANGUAGE_STANDARD = gnu11;
				GCC_DYNAMIC_NO_PIC = NO;
				GCC_NO_COMMON_BLOCKS = YES;
				GCC_OPTIMIZATION_LEVEL = 0;
				GCC_PREPROCESSOR_DEFINITIONS = (
					"DEBUG=1",
					"$(inherited)",
				);
				GCC_WARN_64_TO_32_BIT_CONVERSION = YES;
				GCC_WARN_ABOUT_RETURN_TYPE = YES_ERROR;
				GCC_WARN_UNDECLARED_SELECTOR = YES;
				GCC_WARN_UNINITIALIZED_AUTOS = YES_AGGRESSIVE;
				GCC_WARN_UNUSED_FUNCTION = YES;
				GCC_WARN_UNUSED_VARIABLE = YES;
				IPHONEOS_DEPLOYMENT_TARGET = 13.0;
				MTL_ENABLE_DEBUG_INFO = INCLUDE_SOURCE;
				MTL_FAST_MATH = YES;
				ONLY_ACTIVE_ARCH = YES;
				SDKROOT = iphoneos;
				SWIFT_ACTIVE_COMPILATION_CONDITIONS = DEBUG;
				SWIFT_OPTIMIZATION_LEVEL = "-Onone";
			};
			name = Debug;
		};
		09999911234F0BC9005B01B1 /* Release */ = {
			isa = XCBuildConfiguration;
			buildSettings = {
				ALWAYS_SEARCH_USER_PATHS = NO;
				CLANG_ANALYZER_NONNULL = YES;
				CLANG_ANALYZER_NUMBER_OBJECT_CONVERSION = YES_AGGRESSIVE;
				CLANG_CXX_LANGUAGE_STANDARD = "gnu++14";
				CLANG_CXX_LIBRARY = "libc++";
				CLANG_ENABLE_MODULES = YES;
				CLANG_ENABLE_OBJC_ARC = YES;
				CLANG_ENABLE_OBJC_WEAK = YES;
				CLANG_WARN_BLOCK_CAPTURE_AUTORELEASING = YES;
				CLANG_WARN_BOOL_CONVERSION = YES;
				CLANG_WARN_COMMA = YES;
				CLANG_WARN_CONSTANT_CONVERSION = YES;
				CLANG_WARN_DEPRECATED_OBJC_IMPLEMENTATIONS = YES;
				CLANG_WARN_DIRECT_OBJC_ISA_USAGE = YES_ERROR;
				CLANG_WARN_DOCUMENTATION_COMMENTS = YES;
				CLANG_WARN_EMPTY_BODY = YES;
				CLANG_WARN_ENUM_CONVERSION = YES;
				CLANG_WARN_INFINITE_RECURSION = YES;
				CLANG_WARN_INT_CONVERSION = YES;
				CLANG_WARN_NON_LITERAL_NULL_CONVERSION = YES;
				CLANG_WARN_OBJC_IMPLICIT_RETAIN_SELF = YES;
				CLANG_WARN_OBJC_LITERAL_CONVERSION = YES;
				CLANG_WARN_OBJC_ROOT_CLASS = YES_ERROR;
				CLANG_WARN_RANGE_LOOP_ANALYSIS = YES;
				CLANG_WARN_STRICT_PROTOTYPES = YES;
				CLANG_WARN_SUSPICIOUS_MOVE = YES;
				CLANG_WARN_UNGUARDED_AVAILABILITY = YES_AGGRESSIVE;
				CLANG_WARN_UNREACHABLE_CODE = YES;
				CLANG_WARN__DUPLICATE_METHOD_MATCH = YES;
				COPY_PHASE_STRIP = NO;
				DEBUG_INFORMATION_FORMAT = "dwarf-with-dsym";
				ENABLE_NS_ASSERTIONS = NO;
				ENABLE_STRICT_OBJC_MSGSEND = YES;
				GCC_C_LANGUAGE_STANDARD = gnu11;
				GCC_NO_COMMON_BLOCKS = YES;
				GCC_WARN_64_TO_32_BIT_CONVERSION = YES;
				GCC_WARN_ABOUT_RETURN_TYPE = YES_ERROR;
				GCC_WARN_UNDECLARED_SELECTOR = YES;
				GCC_WARN_UNINITIALIZED_AUTOS = YES_AGGRESSIVE;
				GCC_WARN_UNUSED_FUNCTION = YES;
				GCC_WARN_UNUSED_VARIABLE = YES;
				IPHONEOS_DEPLOYMENT_TARGET = 13.0;
				MTL_ENABLE_DEBUG_INFO = NO;
				MTL_FAST_MATH = YES;
				SDKROOT = iphoneos;
				SWIFT_COMPILATION_MODE = wholemodule;
				SWIFT_OPTIMIZATION_LEVEL = "-O";
				VALIDATE_PRODUCT = YES;
			};
			name = Release;
		};
		09999913234F0BC9005B01B1 /* Debug */ = {
			isa = XCBuildConfiguration;
			buildSettings = {
				ASSETCATALOG_COMPILER_APPICON_NAME = AppIcon;
				CODE_SIGN_ENTITLEMENTS = Catalyst/Catalyst.entitlements;
				CODE_SIGN_STYLE = Automatic;
				DERIVE_MACCATALYST_PRODUCT_BUNDLE_IDENTIFIER = YES;
				DEVELOPMENT_ASSET_PATHS = "\"Catalyst/Preview Content\"";
				DEVELOPMENT_TEAM = BTAM83YYJR;
				ENABLE_PREVIEWS = YES;
				INFOPLIST_FILE = Catalyst/Info.plist;
				LD_RUNPATH_SEARCH_PATHS = (
					"$(inherited)",
					"@executable_path/Frameworks",
				);
				PRODUCT_BUNDLE_IDENTIFIER = andika.Catalyst;
				PRODUCT_NAME = "$(TARGET_NAME)";
				SUPPORTS_MACCATALYST = YES;
				SWIFT_VERSION = 5.0;
				TARGETED_DEVICE_FAMILY = "1,2";
			};
			name = Debug;
		};
		09999914234F0BC9005B01B1 /* Release */ = {
			isa = XCBuildConfiguration;
			buildSettings = {
				ASSETCATALOG_COMPILER_APPICON_NAME = AppIcon;
				CODE_SIGN_ENTITLEMENTS = Catalyst/Catalyst.entitlements;
				CODE_SIGN_STYLE = Automatic;
				DERIVE_MACCATALYST_PRODUCT_BUNDLE_IDENTIFIER = YES;
				DEVELOPMENT_ASSET_PATHS = "\"Catalyst/Preview Content\"";
				DEVELOPMENT_TEAM = BTAM83YYJR;
				ENABLE_PREVIEWS = YES;
				INFOPLIST_FILE = Catalyst/Info.plist;
				LD_RUNPATH_SEARCH_PATHS = (
					"$(inherited)",
					"@executable_path/Frameworks",
				);
				PRODUCT_BUNDLE_IDENTIFIER = andika.Catalyst;
				PRODUCT_NAME = "$(TARGET_NAME)";
				SUPPORTS_MACCATALYST = YES;
				SWIFT_VERSION = 5.0;
				TARGETED_DEVICE_FAMILY = "1,2";
			};
			name = Release;
		};
/* End XCBuildConfiguration section */

/* Begin XCConfigurationList section */
		099998F9234F0BC7005B01B1 /* Build configuration list for PBXProject "Catalyst" */ = {
			isa = XCConfigurationList;
			buildConfigurations = (
				09999910234F0BC9005B01B1 /* Debug */,
				09999911234F0BC9005B01B1 /* Release */,
			);
			defaultConfigurationIsVisible = 0;
			defaultConfigurationName = Release;
		};
		09999912234F0BC9005B01B1 /* Build configuration list for PBXNativeTarget "Catalyst" */ = {
			isa = XCConfigurationList;
			buildConfigurations = (
				09999913234F0BC9005B01B1 /* Debug */,
				09999914234F0BC9005B01B1 /* Release */,
			);
			defaultConfigurationIsVisible = 0;
			defaultConfigurationName = Release;
		};
/* End XCConfigurationList section */
	};
	rootObject = 099998F6234F0BC7005B01B1 /* Project object */;
}
